
Microsoft Visual Studio Solution File, Format Version 12.00
# Visual Studio 15
VisualStudioVersion = 15.0.28010.2016
MinimumVisualStudioVersion = 10.0.40219.1
Project("{FAE04EC0-301F-11D3-BF4B-00C04F79EFBC}") = "Encapsulation.Exercises", "Encapsulation.Exercises\Encapsulation.Exercises.csproj", "{620A54F8-825A-453C-BE6A-A2ABA20ABF1F}"
EndProject
Project("{FAE04EC0-301F-11D3-BF4B-00C04F79EFBC}") = "Exercises.Tests", "Exercises.Tests\Exercises.Tests.csproj", "{67F1B6BD-C806-44DE-8AD9-2DD0158DD025}"
EndProject
Project("{FAE04EC0-301F-11D3-BF4B-00C04F79EFBC}") = "Individual.Exercises", "Individual.Exercises\Individual.Exercises.csproj", "{28D2110B-D205-4DD8-8E60-9AD1D210F30E}"
EndProject
Global
	GlobalSection(SolutionConfigurationPlatforms) = preSolution
		Debug|Any CPU = Debug|Any CPU
		Release|Any CPU = Release|Any CPU
	EndGlobalSection
	GlobalSection(ProjectConfigurationPlatforms) = postSolution
		{620A54F8-825A-453C-BE6A-A2ABA20ABF1F}.Debug|Any CPU.ActiveCfg = Debug|Any CPU
		{620A54F8-825A-453C-BE6A-A2ABA20ABF1F}.Debug|Any CPU.Build.0 = Debug|Any CPU
		{620A54F8-825A-453C-BE6A-A2ABA20ABF1F}.Release|Any CPU.ActiveCfg = Release|Any CPU
		{620A54F8-825A-453C-BE6A-A2ABA20ABF1F}.Release|Any CPU.Build.0 = Release|Any CPU
		{67F1B6BD-C806-44DE-8AD9-2DD0158DD025}.Debug|Any CPU.ActiveCfg = Debug|Any CPU
		{67F1B6BD-C806-44DE-8AD9-2DD0158DD025}.Debug|Any CPU.Build.0 = Debug|Any CPU
		{67F1B6BD-C806-44DE-8AD9-2DD0158DD025}.Release|Any CPU.ActiveCfg = Release|Any CPU
		{67F1B6BD-C806-44DE-8AD9-2DD0158DD025}.Release|Any CPU.Build.0 = Release|Any CPU
		{28D2110B-D205-4DD8-8E60-9AD1D210F30E}.Debug|Any CPU.ActiveCfg = Debug|Any CPU
		{28D2110B-D205-4DD8-8E60-9AD1D210F30E}.Debug|Any CPU.Build.0 = Debug|Any CPU
		{28D2110B-D205-4DD8-8E60-9AD1D210F30E}.Release|Any CPU.ActiveCfg = Release|Any CPU
		{28D2110B-D205-4DD8-8E60-9AD1D210F30E}.Release|Any CPU.Build.0 = Release|Any CPU
	EndGlobalSection
	GlobalSection(SolutionProperties) = preSolution
		HideSolutionNode = FALSE
	EndGlobalSection
	GlobalSection(ExtensibilityGlobals) = postSolution
		SolutionGuid = {EB5A3B4A-C265-4224-8E6F-3FBBDE8CB2A7}
	EndGlobalSection
EndGlobal
